{
  "nodes": {
    "nixpkgs": {
      "locked": {
        "lastModified": 1743963441,
        "narHash": "sha256-Qp9KIsDd519++21JAF/B25Kz+k57WTaGKqwIUOUUntU=",
        "owner": "nixos",
        "repo": "nixpkgs",
        "rev": "1a38a2aae539b5b32adc3fddbfed935522a25d0b",
        "type": "github"
      },
      "original": {
        "owner": "nixos",
        "repo": "nixpkgs",
        "type": "github"
      }
    },
    "root": {
      "inputs": {
        "nixpkgs": "nixpkgs"
      }
    }
  },
  "root": "root",
  "version": 7
}
